{
  "version": 4,
  "terraform_version": "1.12.2",
  "serial": 134,
  "lineage": "2975ce90-3370-ab41-0bc3-50b7755e69bb",
  "outputs": {
    "alb_dns_name": {
      "value": "alb-app-1460312279.us-east-2.elb.amazonaws.com",
      "type": "string"
    },
    "app_subnet_ids": {
      "value": [
        "subnet-09086315800ce22ee",
        "subnet-01eaca26ee38a5cf2"
      ],
      "type": [
        "tuple",
        [
          "string",
          "string"
        ]
      ]
    },
    "asg_name": {
      "value": "asg-app",
      "type": "string"
    },
    "db_subnet_ids": {
      "value": [
        "subnet-0a6c70e22fb041592",
        "subnet-07674cd73b00cabb7"
      ],
      "type": [
        "tuple",
        [
          "string",
          "string"
        ]
      ]
    },
    "nat_gateway_ids": {
      "value": [
        "nat-09b6c655fafe1155c",
        "nat-04bf02ac83f3c9fdc"
      ],
      "type": [
        "tuple",
        [
          "string",
          "string"
        ]
      ]
    },
    "public_subnet_ids": {
      "value": [
        "subnet-020fe5579588891d1",
        "subnet-05260c424e9836f0a"
      ],
      "type": [
        "tuple",
        [
          "string",
          "string"
        ]
      ]
    },
    "rds_endpoint": {
      "value": "rds-mysql-app.cn5tkswztpz4.us-east-2.rds.amazonaws.com:3306",
      "type": "string"
    },
    "vpc_id": {
      "value": "vpc-0bb64ce3dabe0da62",
      "type": "string"
    }
  },
  "resources": [
    {
      "mode": "data",
      "type": "aws_ami",
      "name": "amazon_linux",
      "provider": "provider[\"registry.terraform.io/hashicorp/aws\"]",
      "instances": [
        {
          "schema_version": 0,
          "attributes": {
            "architecture": "x86_64",
            "arn": "arn:aws:ec2:us-east-2::image/ami-005efd5afe550784a",
            "block_device_mappings": [
              {
                "device_name": "/dev/xvda",
                "ebs": {
                  "delete_on_termination": "true",
                  "encrypted": "false",
                  "iops": "0",
                  "snapshot_id": "snap-0463bbf2ead2b068e",
                  "throughput": "0",
                  "volume_size": "8",
                  "volume_type": "gp2"
                },
                "no_device": "",
                "virtual_name": ""
              }
            ],
            "boot_mode": "",
            "creation_date": "2025-07-07T22:26:23.000Z",
            "deprecation_time": "2025-10-05T22:26:00.000Z",
            "description": "Amazon Linux 2 AMI 2.0.20250707.0 x86_64 HVM gp2",
            "ena_support": true,
            "executable_users": null,
            "filter": [
              {
                "name": "name",
                "values": [
                  "amzn2-ami-hvm-*-x86_64-gp2"
                ]
              }
            ],
            "hypervisor": "xen",
            "id": "ami-005efd5afe550784a",
            "image_id": "ami-005efd5afe550784a",
            "image_location": "amazon/amzn2-ami-hvm-2.0.20250707.0-x86_64-gp2",
            "image_owner_alias": "amazon",
            "image_type": "machine",
            "imds_support": "",
            "include_deprecated": false,
            "kernel_id": "",
            "most_recent": true,
            "name": "amzn2-ami-hvm-2.0.20250707.0-x86_64-gp2",
            "name_regex": null,
            "owner_id": "137112412989",
            "owners": [
              "amazon"
            ],
            "platform": "",
            "platform_details": "Linux/UNIX",
            "product_codes": [],
            "public": true,
            "ramdisk_id": "",
            "root_device_name": "/dev/xvda",
            "root_device_type": "ebs",
            "root_snapshot_id": "snap-0463bbf2ead2b068e",
            "sriov_net_support": "simple",
            "state": "available",
            "state_reason": {
              "code": "UNSET",
              "message": "UNSET"
            },
            "tags": {},
            "timeouts": null,
            "tpm_support": "",
            "usage_operation": "RunInstances",
            "virtualization_type": "hvm"
          },
          "sensitive_attributes": [],
          "identity_schema_version": 0
        }
      ]
    },
    {
      "mode": "managed",
      "type": "aws_db_instance",
      "name": "rds",
      "provider": "provider[\"registry.terraform.io/hashicorp/aws\"]",
      "instances": [
        {
          "schema_version": 1,
          "attributes": {
            "address": "rds-mysql-app.cn5tkswztpz4.us-east-2.rds.amazonaws.com",
            "allocated_storage": 20,
            "allow_major_version_upgrade": null,
            "apply_immediately": false,
            "arn": "arn:aws:rds:us-east-2:765732380112:db:rds-mysql-app",
            "auto_minor_version_upgrade": true,
            "availability_zone": "us-east-2a",
            "backup_retention_period": 0,
            "backup_window": "06:58-07:28",
            "blue_green_update": [],
            "ca_cert_identifier": "rds-ca-rsa2048-g1",
            "character_set_name": "",
            "copy_tags_to_snapshot": false,
            "custom_iam_instance_profile": "",
            "customer_owned_ip_enabled": false,
            "db_name": "appdb",
            "db_subnet_group_name": "db-subnet-group",
            "delete_automated_backups": true,
            "deletion_protection": false,
            "domain": "",
            "domain_iam_role_name": "",
            "enabled_cloudwatch_logs_exports": [],
            "endpoint": "rds-mysql-app.cn5tkswztpz4.us-east-2.rds.amazonaws.com:3306",
            "engine": "mysql",
            "engine_version": "8.0",
            "engine_version_actual": "8.0.41",
            "final_snapshot_identifier": null,
            "hosted_zone_id": "Z2XHWR1WZ565X2",
            "iam_database_authentication_enabled": false,
            "id": "rds-mysql-app",
            "identifier": "rds-mysql-app",
            "identifier_prefix": "",
            "instance_class": "db.t3.micro",
            "iops": 0,
            "kms_key_id": "",
            "latest_restorable_time": "",
            "license_model": "general-public-license",
            "listener_endpoint": [],
            "maintenance_window": "fri:05:32-fri:06:02",
            "manage_master_user_password": null,
            "master_user_secret": [],
            "master_user_secret_kms_key_id": null,
            "max_allocated_storage": 0,
            "monitoring_interval": 0,
            "monitoring_role_arn": "",
            "multi_az": true,
            "name": "appdb",
            "nchar_character_set_name": "",
            "network_type": "IPV4",
            "option_group_name": "default:mysql-8-0",
            "parameter_group_name": "default.mysql8.0",
            "password": "cidade01",
            "performance_insights_enabled": false,
            "performance_insights_kms_key_id": "",
            "performance_insights_retention_period": 0,
            "port": 3306,
            "publicly_accessible": false,
            "replica_mode": "",
            "replicas": [],
            "replicate_source_db": "",
            "resource_id": "db-GA6PJDOAGWTP3DUG4QQASCTVVM",
            "restore_to_point_in_time": [],
            "s3_import": [],
            "security_group_names": [],
            "skip_final_snapshot": true,
            "snapshot_identifier": null,
            "status": "stopped",
            "storage_encrypted": false,
            "storage_throughput": 0,
            "storage_type": "gp2",
            "tags": {
              "Owner": "Developer2_84263f1c06dd171d"
            },
            "tags_all": {
              "AMBIENTE": "LAB",
              "Owner": "Developer2_84263f1c06dd171d",
              "RESPONSAVEL": "artur.jorge@inmetrics.com.br",
              "SCHEDULE": "shutdown"
            },
            "timeouts": {
              "create": "40m",
              "delete": null,
              "update": null
            },
            "timezone": "",
            "username": "admin",
            "vpc_security_group_ids": [
              "sg-03d8369f8cbc44bf2"
            ]
          },
          "sensitive_attributes": [
            [
              {
                "type": "get_attr",
                "value": "password"
              }
            ]
          ],
          "identity_schema_version": 0,
          "private": "eyJlMmJmYjczMC1lY2FhLTExZTYtOGY4OC0zNDM2M2JjN2M0YzAiOnsiY3JlYXRlIjoyNDAwMDAwMDAwMDAwLCJkZWxldGUiOjM2MDAwMDAwMDAwMDAsInVwZGF0ZSI6NDgwMDAwMDAwMDAwMH0sInNjaGVtYV92ZXJzaW9uIjoiMSJ9",
          "dependencies": [
            "aws_db_subnet_group.db",
            "aws_security_group.alb",
            "aws_security_group.app",
            "aws_security_group.rds",
            "aws_subnet.db",
            "aws_vpc.main"
          ]
        }
      ]
    },
    {
      "mode": "managed",
      "type": "aws_db_subnet_group",
      "name": "db",
      "provider": "provider[\"registry.terraform.io/hashicorp/aws\"]",
      "instances": [
        {
          "schema_version": 0,
          "attributes": {
            "arn": "arn:aws:rds:us-east-2:765732380112:subgrp:db-subnet-group",
            "description": "DB subnet group for Multi-AZ",
            "id": "db-subnet-group",
            "name": "db-subnet-group",
            "name_prefix": "",
            "subnet_ids": [
              "subnet-07674cd73b00cabb7",
              "subnet-0a6c70e22fb041592"
            ],
            "supported_network_types": [
              "IPV4"
            ],
            "tags": {
              "Owner": "Developer2_84263f1c06dd171d"
            },
            "tags_all": {
              "AMBIENTE": "LAB",
              "Owner": "Developer2_84263f1c06dd171d",
              "RESPONSAVEL": "artur.jorge@inmetrics.com.br",
              "SCHEDULE": "shutdown"
            },
            "vpc_id": "vpc-0bb64ce3dabe0da62"
          },
          "sensitive_attributes": [],
          "identity_schema_version": 0,
          "private": "bnVsbA==",
          "dependencies": [
            "aws_subnet.db",
            "aws_vpc.main"
          ]
        }
      ]
    },
    {
      "mode": "managed",
      "type": "aws_eip",
      "name": "nat",
      "provider": "provider[\"registry.terraform.io/hashicorp/aws\"]",
      "instances": [
        {
          "index_key": "us-east-2a",
          "schema_version": 0,
          "attributes": {
            "address": null,
            "allocation_id": "eipalloc-0c4a601e96b54c680",
            "associate_with_private_ip": null,
            "association_id": "",
            "carrier_ip": "",
            "customer_owned_ip": "",
            "customer_owned_ipv4_pool": "",
            "domain": "vpc",
            "id": "eipalloc-0c4a601e96b54c680",
            "instance": "",
            "network_border_group": "us-east-2",
            "network_interface": "",
            "private_dns": "ip-10-0-0-162.us-east-2.compute.internal",
            "private_ip": "",
            "public_dns": "ec2-3-130-16-144.us-east-2.compute.amazonaws.com",
            "public_ip": "3.130.16.144",
            "public_ipv4_pool": "amazon",
            "tags": {
              "Name": "eip-nat-us-east-2a",
              "Owner": "Developer2_84263f1c06dd171d"
            },
            "tags_all": {
              "AMBIENTE": "LAB",
              "CENTRODECUSTO": "1",
              "Name": "eip-nat-us-east-2a",
              "Owner": "Developer2_84263f1c06dd171d",
              "RESPONSAVEL": "artur.jorge@inmetrics.com.br",
              "SCHEDULE": "shutdown"
            },
            "timeouts": null,
            "vpc": true
          },
          "sensitive_attributes": [],
          "identity_schema_version": 0,
          "private": "eyJlMmJmYjczMC1lY2FhLTExZTYtOGY4OC0zNDM2M2JjN2M0YzAiOnsiZGVsZXRlIjoxODAwMDAwMDAwMDAsInJlYWQiOjkwMDAwMDAwMDAwMCwidXBkYXRlIjozMDAwMDAwMDAwMDB9fQ=="
        },
        {
          "index_key": "us-east-2c",
          "schema_version": 0,
          "attributes": {
            "address": null,
            "allocation_id": "eipalloc-0cd972fef94c2ca65",
            "associate_with_private_ip": null,
            "association_id": "",
            "carrier_ip": "",
            "customer_owned_ip": "",
            "customer_owned_ipv4_pool": "",
            "domain": "vpc",
            "id": "eipalloc-0cd972fef94c2ca65",
            "instance": "",
            "network_border_group": "us-east-2",
            "network_interface": "",
            "private_dns": "ip-10-0-1-230.us-east-2.compute.internal",
            "private_ip": "",
            "public_dns": "ec2-3-129-157-92.us-east-2.compute.amazonaws.com",
            "public_ip": "3.129.157.92",
            "public_ipv4_pool": "amazon",
            "tags": {
              "Name": "eip-nat-us-east-2c",
              "Owner": "Developer2_84263f1c06dd171d"
            },
            "tags_all": {
              "AMBIENTE": "LAB",
              "CENTRODECUSTO": "1",
              "Name": "eip-nat-us-east-2c",
              "Owner": "Developer2_84263f1c06dd171d",
              "RESPONSAVEL": "artur.jorge@inmetrics.com.br",
              "SCHEDULE": "shutdown"
            },
            "timeouts": null,
            "vpc": true
          },
          "sensitive_attributes": [],
          "identity_schema_version": 0,
          "private": "eyJlMmJmYjczMC1lY2FhLTExZTYtOGY4OC0zNDM2M2JjN2M0YzAiOnsiZGVsZXRlIjoxODAwMDAwMDAwMDAsInJlYWQiOjkwMDAwMDAwMDAwMCwidXBkYXRlIjozMDAwMDAwMDAwMDB9fQ=="
        }
      ]
    },
    {
      "mode": "managed",
      "type": "aws_internet_gateway",
      "name": "igw",
      "provider": "provider[\"registry.terraform.io/hashicorp/aws\"]",
      "instances": [
        {
          "schema_version": 0,
          "attributes": {
            "arn": "arn:aws:ec2:us-east-2:765732380112:internet-gateway/igw-0dd3cc1071c43f8a1",
            "id": "igw-0dd3cc1071c43f8a1",
            "owner_id": "765732380112",
            "tags": {
              "Name": "igw",
              "Owner": "Developer2_84263f1c06dd171d"
            },
            "tags_all": {
              "AMBIENTE": "LAB",
              "Name": "igw",
              "Owner": "Developer2_84263f1c06dd171d",
              "RESPONSAVEL": "artur.jorge@inmetrics.com.br",
              "SCHEDULE": "shutdown"
            },
            "timeouts": null,
            "vpc_id": "vpc-0bb64ce3dabe0da62"
          },
          "sensitive_attributes": [],
          "identity_schema_version": 0,
          "private": "eyJlMmJmYjczMC1lY2FhLTExZTYtOGY4OC0zNDM2M2JjN2M0YzAiOnsiY3JlYXRlIjoxMjAwMDAwMDAwMDAwLCJkZWxldGUiOjEyMDAwMDAwMDAwMDAsInVwZGF0ZSI6MTIwMDAwMDAwMDAwMH19",
          "dependencies": [
            "aws_vpc.main"
          ]
        }
      ]
    },
    {
      "mode": "managed",
      "type": "aws_lb",
      "name": "app",
      "provider": "provider[\"registry.terraform.io/hashicorp/aws\"]",
      "instances": [
        {
          "schema_version": 0,
          "attributes": {
            "access_logs": [
              {
                "bucket": "",
                "enabled": false,
                "prefix": ""
              }
            ],
            "arn": "arn:aws:elasticloadbalancing:us-east-2:765732380112:loadbalancer/app/alb-app/4a11b748d297d073",
            "arn_suffix": "app/alb-app/4a11b748d297d073",
            "customer_owned_ipv4_pool": "",
            "desync_mitigation_mode": "defensive",
            "dns_name": "alb-app-1460312279.us-east-2.elb.amazonaws.com",
            "drop_invalid_header_fields": false,
            "enable_cross_zone_load_balancing": true,
            "enable_deletion_protection": false,
            "enable_http2": true,
            "enable_tls_version_and_cipher_suite_headers": false,
            "enable_waf_fail_open": false,
            "enable_xff_client_port": false,
            "id": "arn:aws:elasticloadbalancing:us-east-2:765732380112:loadbalancer/app/alb-app/4a11b748d297d073",
            "idle_timeout": 60,
            "internal": false,
            "ip_address_type": "ipv4",
            "load_balancer_type": "application",
            "name": "alb-app",
            "name_prefix": null,
            "preserve_host_header": false,
            "security_groups": [
              "sg-0db77d64dfa1c771f"
            ],
            "subnet_mapping": [
              {
                "allocation_id": "",
                "ipv6_address": "",
                "outpost_id": "",
                "private_ipv4_address": "",
                "subnet_id": "subnet-020fe5579588891d1"
              },
              {
                "allocation_id": "",
                "ipv6_address": "",
                "outpost_id": "",
                "private_ipv4_address": "",
                "subnet_id": "subnet-05260c424e9836f0a"
              }
            ],
            "subnets": [
              "subnet-020fe5579588891d1",
              "subnet-05260c424e9836f0a"
            ],
            "tags": {
              "Owner": "Developer2_84263f1c06dd171d"
            },
            "tags_all": {
              "AMBIENTE": "LAB",
              "Owner": "Developer2_84263f1c06dd171d",
              "RESPONSAVEL": "artur.jorge@inmetrics.com.br",
              "SCHEDULE": "shutdown"
            },
            "timeouts": null,
            "vpc_id": "vpc-0bb64ce3dabe0da62",
            "xff_header_processing_mode": "append",
            "zone_id": "Z3AADJGX6KTTL2"
          },
          "sensitive_attributes": [],
          "identity_schema_version": 0,
          "private": "eyJlMmJmYjczMC1lY2FhLTExZTYtOGY4OC0zNDM2M2JjN2M0YzAiOnsiY3JlYXRlIjo2MDAwMDAwMDAwMDAsImRlbGV0ZSI6NjAwMDAwMDAwMDAwLCJ1cGRhdGUiOjYwMDAwMDAwMDAwMH19",
          "dependencies": [
            "aws_security_group.alb",
            "aws_subnet.public",
            "aws_vpc.main"
          ]
        }
      ]
    },
    {
      "mode": "managed",
      "type": "aws_lb_listener",
      "name": "app",
      "provider": "provider[\"registry.terraform.io/hashicorp/aws\"]",
      "instances": [
        {
          "schema_version": 0,
          "attributes": {
            "alpn_policy": null,
            "arn": "arn:aws:elasticloadbalancing:us-east-2:765732380112:listener/app/alb-app/4a11b748d297d073/d544fa7897aca1d0",
            "certificate_arn": null,
            "default_action": [
              {
                "authenticate_cognito": [],
                "authenticate_oidc": [],
                "fixed_response": [],
                "forward": [],
                "order": 1,
                "redirect": [],
                "target_group_arn": "arn:aws:elasticloadbalancing:us-east-2:765732380112:targetgroup/tg-app/55644d161a729479",
                "type": "forward"
              }
            ],
            "id": "arn:aws:elasticloadbalancing:us-east-2:765732380112:listener/app/alb-app/4a11b748d297d073/d544fa7897aca1d0",
            "load_balancer_arn": "arn:aws:elasticloadbalancing:us-east-2:765732380112:loadbalancer/app/alb-app/4a11b748d297d073",
            "port": 80,
            "protocol": "HTTP",
            "ssl_policy": "",
            "tags": {},
            "tags_all": {
              "AMBIENTE": "LAB",
              "RESPONSAVEL": "artur.jorge@inmetrics.com.br",
              "SCHEDULE": "shutdown"
            },
            "timeouts": null
          },
          "sensitive_attributes": [],
          "identity_schema_version": 0,
          "private": "eyJlMmJmYjczMC1lY2FhLTExZTYtOGY4OC0zNDM2M2JjN2M0YzAiOnsicmVhZCI6NjAwMDAwMDAwMDAwfX0=",
          "dependencies": [
            "aws_lb.app",
            "aws_lb_target_group.app",
            "aws_security_group.alb",
            "aws_subnet.public",
            "aws_vpc.main"
          ]
        }
      ]
    },
    {
      "mode": "managed",
      "type": "aws_lb_target_group",
      "name": "app",
      "provider": "provider[\"registry.terraform.io/hashicorp/aws\"]",
      "instances": [
        {
          "schema_version": 0,
          "attributes": {
            "arn": "arn:aws:elasticloadbalancing:us-east-2:765732380112:targetgroup/tg-app/55644d161a729479",
            "arn_suffix": "targetgroup/tg-app/55644d161a729479",
            "connection_termination": false,
            "deregistration_delay": "300",
            "health_check": [
              {
                "enabled": true,
                "healthy_threshold": 2,
                "interval": 30,
                "matcher": "200",
                "path": "/",
                "port": "traffic-port",
                "protocol": "HTTP",
                "timeout": 5,
                "unhealthy_threshold": 2
              }
            ],
            "id": "arn:aws:elasticloadbalancing:us-east-2:765732380112:targetgroup/tg-app/55644d161a729479",
            "ip_address_type": "ipv4",
            "lambda_multi_value_headers_enabled": false,
            "load_balancing_algorithm_type": "round_robin",
            "load_balancing_cross_zone_enabled": "use_load_balancer_configuration",
            "name": "tg-app",
            "name_prefix": null,
            "port": 80,
            "preserve_client_ip": null,
            "protocol": "HTTP",
            "protocol_version": "HTTP1",
            "proxy_protocol_v2": false,
            "slow_start": 0,
            "stickiness": [
              {
                "cookie_duration": 86400,
                "cookie_name": "",
                "enabled": false,
                "type": "lb_cookie"
              }
            ],
            "tags": {
              "Owner": "Developer2_84263f1c06dd171d"
            },
            "tags_all": {
              "AMBIENTE": "LAB",
              "Owner": "Developer2_84263f1c06dd171d",
              "RESPONSAVEL": "artur.jorge@inmetrics.com.br",
              "SCHEDULE": "shutdown"
            },
            "target_failover": [
              {
                "on_deregistration": null,
                "on_unhealthy": null
              }
            ],
            "target_type": "instance",
            "vpc_id": "vpc-0bb64ce3dabe0da62"
          },
          "sensitive_attributes": [],
          "identity_schema_version": 0,
          "private": "bnVsbA==",
          "dependencies": [
            "aws_vpc.main"
          ]
        }
      ]
    },
    {
      "mode": "managed",
      "type": "aws_security_group",
      "name": "alb",
      "provider": "provider[\"registry.terraform.io/hashicorp/aws\"]",
      "instances": [
        {
          "schema_version": 1,
          "attributes": {
            "arn": "arn:aws:ec2:us-east-2:765732380112:security-group/sg-0db77d64dfa1c771f",
            "description": "Allow HTTP from anywhere",
            "egress": [
              {
                "cidr_blocks": [
                  "0.0.0.0/0"
                ],
                "description": "",
                "from_port": 0,
                "ipv6_cidr_blocks": [],
                "prefix_list_ids": [],
                "protocol": "-1",
                "security_groups": [],
                "self": false,
                "to_port": 0
              }
            ],
            "id": "sg-0db77d64dfa1c771f",
            "ingress": [
              {
                "cidr_blocks": [
                  "0.0.0.0/0"
                ],
                "description": "",
                "from_port": 80,
                "ipv6_cidr_blocks": [],
                "prefix_list_ids": [],
                "protocol": "tcp",
                "security_groups": [],
                "self": false,
                "to_port": 80
              }
            ],
            "name": "alb-sg",
            "name_prefix": "",
            "owner_id": "765732380112",
            "revoke_rules_on_delete": false,
            "tags": {
              "Owner": "Developer2_84263f1c06dd171d"
            },
            "tags_all": {
              "AMBIENTE": "LAB",
              "Owner": "Developer2_84263f1c06dd171d",
              "RESPONSAVEL": "artur.jorge@inmetrics.com.br",
              "SCHEDULE": "shutdown"
            },
            "timeouts": null,
            "vpc_id": "vpc-0bb64ce3dabe0da62"
          },
          "sensitive_attributes": [],
          "identity_schema_version": 0,
          "private": "eyJlMmJmYjczMC1lY2FhLTExZTYtOGY4OC0zNDM2M2JjN2M0YzAiOnsiY3JlYXRlIjo2MDAwMDAwMDAwMDAsImRlbGV0ZSI6OTAwMDAwMDAwMDAwfSwic2NoZW1hX3ZlcnNpb24iOiIxIn0=",
          "dependencies": [
            "aws_vpc.main"
          ]
        }
      ]
    },
    {
      "mode": "managed",
      "type": "aws_security_group",
      "name": "app",
      "provider": "provider[\"registry.terraform.io/hashicorp/aws\"]",
      "instances": [
        {
          "schema_version": 1,
          "attributes": {
            "arn": "arn:aws:ec2:us-east-2:765732380112:security-group/sg-045520fa01640b464",
            "description": "Allow HTTP from ALB",
            "egress": [
              {
                "cidr_blocks": [
                  "0.0.0.0/0"
                ],
                "description": "",
                "from_port": 0,
                "ipv6_cidr_blocks": [],
                "prefix_list_ids": [],
                "protocol": "-1",
                "security_groups": [],
                "self": false,
                "to_port": 0
              }
            ],
            "id": "sg-045520fa01640b464",
            "ingress": [
              {
                "cidr_blocks": [],
                "description": "",
                "from_port": 80,
                "ipv6_cidr_blocks": [],
                "prefix_list_ids": [],
                "protocol": "tcp",
                "security_groups": [
                  "sg-0db77d64dfa1c771f"
                ],
                "self": false,
                "to_port": 80
              }
            ],
            "name": "app-sg",
            "name_prefix": "",
            "owner_id": "765732380112",
            "revoke_rules_on_delete": false,
            "tags": {
              "Owner": "Developer2_84263f1c06dd171d"
            },
            "tags_all": {
              "AMBIENTE": "LAB",
              "Owner": "Developer2_84263f1c06dd171d",
              "RESPONSAVEL": "artur.jorge@inmetrics.com.br",
              "SCHEDULE": "shutdown"
            },
            "timeouts": null,
            "vpc_id": "vpc-0bb64ce3dabe0da62"
          },
          "sensitive_attributes": [],
          "identity_schema_version": 0,
          "private": "eyJlMmJmYjczMC1lY2FhLTExZTYtOGY4OC0zNDM2M2JjN2M0YzAiOnsiY3JlYXRlIjo2MDAwMDAwMDAwMDAsImRlbGV0ZSI6OTAwMDAwMDAwMDAwfSwic2NoZW1hX3ZlcnNpb24iOiIxIn0=",
          "dependencies": [
            "aws_security_group.alb",
            "aws_vpc.main"
          ]
        }
      ]
    },
    {
      "mode": "managed",
      "type": "aws_security_group",
      "name": "rds",
      "provider": "provider[\"registry.terraform.io/hashicorp/aws\"]",
      "instances": [
        {
          "schema_version": 1,
          "attributes": {
            "arn": "arn:aws:ec2:us-east-2:765732380112:security-group/sg-03d8369f8cbc44bf2",
            "description": "Allow MySQL from app servers",
            "egress": [
              {
                "cidr_blocks": [
                  "0.0.0.0/0"
                ],
                "description": "",
                "from_port": 0,
                "ipv6_cidr_blocks": [],
                "prefix_list_ids": [],
                "protocol": "-1",
                "security_groups": [],
                "self": false,
                "to_port": 0
              }
            ],
            "id": "sg-03d8369f8cbc44bf2",
            "ingress": [
              {
                "cidr_blocks": [],
                "description": "",
                "from_port": 3306,
                "ipv6_cidr_blocks": [],
                "prefix_list_ids": [],
                "protocol": "tcp",
                "security_groups": [
                  "sg-045520fa01640b464"
                ],
                "self": false,
                "to_port": 3306
              }
            ],
            "name": "rds-sg",
            "name_prefix": "",
            "owner_id": "765732380112",
            "revoke_rules_on_delete": false,
            "tags": {
              "Owner": "Developer2_84263f1c06dd171d"
            },
            "tags_all": {
              "AMBIENTE": "LAB",
              "Owner": "Developer2_84263f1c06dd171d",
              "RESPONSAVEL": "artur.jorge@inmetrics.com.br",
              "SCHEDULE": "shutdown"
            },
            "timeouts": null,
            "vpc_id": "vpc-0bb64ce3dabe0da62"
          },
          "sensitive_attributes": [],
          "identity_schema_version": 0,
          "private": "eyJlMmJmYjczMC1lY2FhLTExZTYtOGY4OC0zNDM2M2JjN2M0YzAiOnsiY3JlYXRlIjo2MDAwMDAwMDAwMDAsImRlbGV0ZSI6OTAwMDAwMDAwMDAwfSwic2NoZW1hX3ZlcnNpb24iOiIxIn0=",
          "dependencies": [
            "aws_security_group.alb",
            "aws_security_group.app",
            "aws_vpc.main"
          ]
        }
      ]
    },
    {
      "mode": "managed",
      "type": "aws_subnet",
      "name": "db",
      "provider": "provider[\"registry.terraform.io/hashicorp/aws\"]",
      "instances": [
        {
          "index_key": "us-east-2a",
          "schema_version": 1,
          "attributes": {
            "arn": "arn:aws:ec2:us-east-2:765732380112:subnet/subnet-0a6c70e22fb041592",
            "assign_ipv6_address_on_creation": false,
            "availability_zone": "us-east-2a",
            "availability_zone_id": "use2-az1",
            "cidr_block": "10.0.6.0/24",
            "customer_owned_ipv4_pool": "",
            "enable_dns64": false,
            "enable_lni_at_device_index": 0,
            "enable_resource_name_dns_a_record_on_launch": false,
            "enable_resource_name_dns_aaaa_record_on_launch": false,
            "id": "subnet-0a6c70e22fb041592",
            "ipv6_cidr_block": "",
            "ipv6_cidr_block_association_id": "",
            "ipv6_native": false,
            "map_customer_owned_ip_on_launch": false,
            "map_public_ip_on_launch": false,
            "outpost_arn": "",
            "owner_id": "765732380112",
            "private_dns_hostname_type_on_launch": "ip-name",
            "tags": {
              "Name": "db-us-east-2a",
              "Owner": "Developer2_84263f1c06dd171d",
              "Tier": "private-db"
            },
            "tags_all": {
              "AMBIENTE": "LAB",
              "Name": "db-us-east-2a",
              "Owner": "Developer2_84263f1c06dd171d",
              "RESPONSAVEL": "artur.jorge@inmetrics.com.br",
              "SCHEDULE": "shutdown",
              "Tier": "private-db"
            },
            "timeouts": null,
            "vpc_id": "vpc-0bb64ce3dabe0da62"
          },
          "sensitive_attributes": [],
          "identity_schema_version": 0,
          "private": "eyJlMmJmYjczMC1lY2FhLTExZTYtOGY4OC0zNDM2M2JjN2M0YzAiOnsiY3JlYXRlIjo2MDAwMDAwMDAwMDAsImRlbGV0ZSI6MTIwMDAwMDAwMDAwMH0sInNjaGVtYV92ZXJzaW9uIjoiMSJ9",
          "dependencies": [
            "aws_vpc.main"
          ]
        },
        {
          "index_key": "us-east-2c",
          "schema_version": 1,
          "attributes": {
            "arn": "arn:aws:ec2:us-east-2:765732380112:subnet/subnet-07674cd73b00cabb7",
            "assign_ipv6_address_on_creation": false,
            "availability_zone": "us-east-2c",
            "availability_zone_id": "use2-az3",
            "cidr_block": "10.0.7.0/24",
            "customer_owned_ipv4_pool": "",
            "enable_dns64": false,
            "enable_lni_at_device_index": 0,
            "enable_resource_name_dns_a_record_on_launch": false,
            "enable_resource_name_dns_aaaa_record_on_launch": false,
            "id": "subnet-07674cd73b00cabb7",
            "ipv6_cidr_block": "",
            "ipv6_cidr_block_association_id": "",
            "ipv6_native": false,
            "map_customer_owned_ip_on_launch": false,
            "map_public_ip_on_launch": false,
            "outpost_arn": "",
            "owner_id": "765732380112",
            "private_dns_hostname_type_on_launch": "ip-name",
            "tags": {
              "Name": "db-us-east-2c",
              "Owner": "Developer2_84263f1c06dd171d",
              "Tier": "private-db"
            },
            "tags_all": {
              "AMBIENTE": "LAB",
              "Name": "db-us-east-2c",
              "Owner": "Developer2_84263f1c06dd171d",
              "RESPONSAVEL": "artur.jorge@inmetrics.com.br",
              "SCHEDULE": "shutdown",
              "Tier": "private-db"
            },
            "timeouts": null,
            "vpc_id": "vpc-0bb64ce3dabe0da62"
          },
          "sensitive_attributes": [],
          "identity_schema_version": 0,
          "private": "eyJlMmJmYjczMC1lY2FhLTExZTYtOGY4OC0zNDM2M2JjN2M0YzAiOnsiY3JlYXRlIjo2MDAwMDAwMDAwMDAsImRlbGV0ZSI6MTIwMDAwMDAwMDAwMH0sInNjaGVtYV92ZXJzaW9uIjoiMSJ9",
          "dependencies": [
            "aws_vpc.main"
          ]
        }
      ]
    },
    {
      "mode": "managed",
      "type": "aws_subnet",
      "name": "public",
      "provider": "provider[\"registry.terraform.io/hashicorp/aws\"]",
      "instances": [
        {
          "index_key": "us-east-2a",
          "schema_version": 1,
          "attributes": {
            "arn": "arn:aws:ec2:us-east-2:765732380112:subnet/subnet-020fe5579588891d1",
            "assign_ipv6_address_on_creation": false,
            "availability_zone": "us-east-2a",
            "availability_zone_id": "use2-az1",
            "cidr_block": "10.0.0.0/24",
            "customer_owned_ipv4_pool": "",
            "enable_dns64": false,
            "enable_lni_at_device_index": 0,
            "enable_resource_name_dns_a_record_on_launch": false,
            "enable_resource_name_dns_aaaa_record_on_launch": false,
            "id": "subnet-020fe5579588891d1",
            "ipv6_cidr_block": "",
            "ipv6_cidr_block_association_id": "",
            "ipv6_native": false,
            "map_customer_owned_ip_on_launch": false,
            "map_public_ip_on_launch": true,
            "outpost_arn": "",
            "owner_id": "765732380112",
            "private_dns_hostname_type_on_launch": "ip-name",
            "tags": {
              "Name": "public-us-east-2a",
              "Owner": "Developer2_84263f1c06dd171d",
              "Tier": "public"
            },
            "tags_all": {
              "AMBIENTE": "LAB",
              "Name": "public-us-east-2a",
              "Owner": "Developer2_84263f1c06dd171d",
              "RESPONSAVEL": "artur.jorge@inmetrics.com.br",
              "SCHEDULE": "shutdown",
              "Tier": "public"
            },
            "timeouts": null,
            "vpc_id": "vpc-0bb64ce3dabe0da62"
          },
          "sensitive_attributes": [],
          "identity_schema_version": 0,
          "private": "eyJlMmJmYjczMC1lY2FhLTExZTYtOGY4OC0zNDM2M2JjN2M0YzAiOnsiY3JlYXRlIjo2MDAwMDAwMDAwMDAsImRlbGV0ZSI6MTIwMDAwMDAwMDAwMH0sInNjaGVtYV92ZXJzaW9uIjoiMSJ9",
          "dependencies": [
            "aws_vpc.main"
          ]
        }
      ]
    },
    {
      "mode": "managed",
      "type": "aws_vpc",
      "name": "main",
      "provider": "provider[\"registry.terraform.io/hashicorp/aws\"]",
      "instances": [
        {
          "schema_version": 1,
          "attributes": {
            "arn": "arn:aws:ec2:us-east-2:765732380112:vpc/vpc-0bb64ce3dabe0da62",
            "assign_generated_ipv6_cidr_block": false,
            "cidr_block": "10.0.0.0/21",
            "default_network_acl_id": "acl-0146ba4528ecc7c77",
            "default_route_table_id": "rtb-00be7ac4dd92d0193",
            "default_security_group_id": "sg-03c460063b665018f",
            "dhcp_options_id": "dopt-c05839ab",
            "enable_classiclink": false,
            "enable_classiclink_dns_support": false,
            "enable_dns_hostnames": true,
            "enable_dns_support": true,
            "enable_network_address_usage_metrics": false,
            "id": "vpc-0bb64ce3dabe0da62",
            "instance_tenancy": "default",
            "ipv4_ipam_pool_id": null,
            "ipv4_netmask_length": null,
            "ipv6_association_id": "",
            "ipv6_cidr_block": "",
            "ipv6_cidr_block_network_border_group": "",
            "ipv6_ipam_pool_id": "",
            "ipv6_netmask_length": 0,
            "main_route_table_id": "rtb-00be7ac4dd92d0193",
            "owner_id": "765732380112",
            "tags": {
              "Name": "vpc-main",
              "Owner": "Developer2_84263f1c06dd171d"
            },
            "tags_all": {
              "AMBIENTE": "LAB",
              "Name": "vpc-main",
              "Owner": "Developer2_84263f1c06dd171d",
              "RESPONSAVEL": "artur.jorge@inmetrics.com.br",
              "SCHEDULE": "shutdown"
            }
          },
          "sensitive_attributes": [],
          "identity_schema_version": 0,
          "private": "eyJzY2hlbWFfdmVyc2lvbiI6IjEifQ=="
        }
      ]
    }
  ],
  "check_results": null
}
